
Microsoft Visual Studio Solution File, Format Version 12.00
# Visual Studio 2015
Project("{FAE04EC0-301F-11D3-BF4B-00C04F79EFBC}") = "Sky.CSharp", "Sky.CSharp.csproj", "{4F59E537-7947-82EF-0815-1DA543FBA7F9}"
EndProject
Project("{FAE04EC0-301F-11D3-BF4B-00C04F79EFBC}") = "Sky.CSharp.Editor", "Sky.CSharp.Editor.csproj", "{AE75A40F-1CD4-F7E6-148B-1C6578B81CF5}"
EndProject
Global
	GlobalSection(SolutionConfigurationPlatforms) = preSolution
		Debug|Any CPU = Debug|Any CPU
		Release|Any CPU = Release|Any CPU
	EndGlobalSection
	GlobalSection(ProjectConfigurationPlatforms) = postSolution
		{4F59E537-7947-82EF-0815-1DA543FBA7F9}.Debug|Any CPU.ActiveCfg = Debug|Any CPU
		{4F59E537-7947-82EF-0815-1DA543FBA7F9}.Debug|Any CPU.Build.0 = Debug|Any CPU
		{4F59E537-7947-82EF-0815-1DA543FBA7F9}.Release|Any CPU.ActiveCfg = Release|Any CPU
		{4F59E537-7947-82EF-0815-1DA543FBA7F9}.Release|Any CPU.Build.0 = Release|Any CPU
		{AE75A40F-1CD4-F7E6-148B-1C6578B81CF5}.Debug|Any CPU.ActiveCfg = Debug|Any CPU
		{AE75A40F-1CD4-F7E6-148B-1C6578B81CF5}.Debug|Any CPU.Build.0 = Debug|Any CPU
		{AE75A40F-1CD4-F7E6-148B-1C6578B81CF5}.Release|Any CPU.ActiveCfg = Release|Any CPU
		{AE75A40F-1CD4-F7E6-148B-1C6578B81CF5}.Release|Any CPU.Build.0 = Release|Any CPU
	EndGlobalSection
	GlobalSection(SolutionProperties) = preSolution
		HideSolutionNode = FALSE
	EndGlobalSection
EndGlobal
